
Microsoft Visual Studio Solution File, Format Version 12.00
# Visual Studio Version 17
VisualStudioVersion = 17.9.34701.34
MinimumVisualStudioVersion = 10.0.40219.1
Project("{FAE04EC0-301F-11D3-BF4B-00C04F79EFBC}") = "Emote_binds", "WindowsFormsApp1\Emote_binds.csproj", "{D49C0F10-FE8E-4596-AD4F-66BA66D4E29B}"
EndProject
Global
	GlobalSection(SolutionConfigurationPlatforms) = preSolution
		Debug|Any CPU = Debug|Any CPU
		Release|Any CPU = Release|Any CPU
	EndGlobalSection
	GlobalSection(ProjectConfigurationPlatforms) = postSolution
		{D49C0F10-FE8E-4596-AD4F-66BA66D4E29B}.Debug|Any CPU.ActiveCfg = Debug|Any CPU
		{D49C0F10-FE8E-4596-AD4F-66BA66D4E29B}.Debug|Any CPU.Build.0 = Debug|Any CPU
		{D49C0F10-FE8E-4596-AD4F-66BA66D4E29B}.Release|Any CPU.ActiveCfg = Release|Any CPU
		{D49C0F10-FE8E-4596-AD4F-66BA66D4E29B}.Release|Any CPU.Build.0 = Release|Any CPU
	EndGlobalSection
	GlobalSection(SolutionProperties) = preSolution
		HideSolutionNode = FALSE
	EndGlobalSection
	GlobalSection(ExtensibilityGlobals) = postSolution
		SolutionGuid = {C5A3ECE0-7E40-4C93-9714-3E427FA1206F}
	EndGlobalSection
EndGlobal
